
Microsoft Visual Studio Solution File, Format Version 12.00
# Visual Studio Version 16
VisualStudioVersion = 16.0.30517.126
MinimumVisualStudioVersion = 10.0.40219.1
Project("{FAE04EC0-301F-11D3-BF4B-00C04F79EFBC}") = "SemelPayTerminal", "SemelPayTerminal.csproj", "{AA37B30F-1779-4B52-B9D3-EA6156835707}"
EndProject
Global
	GlobalSection(SolutionConfigurationPlatforms) = preSolution
		Debug|Any CPU = Debug|Any CPU
		Release|Any CPU = Release|Any CPU
	EndGlobalSection
	GlobalSection(ProjectConfigurationPlatforms) = postSolution
		{AA37B30F-1779-4B52-B9D3-EA6156835707}.Debug|Any CPU.ActiveCfg = Debug|Any CPU
		{AA37B30F-1779-4B52-B9D3-EA6156835707}.Debug|Any CPU.Build.0 = Debug|Any CPU
		{AA37B30F-1779-4B52-B9D3-EA6156835707}.Release|Any CPU.ActiveCfg = Release|Any CPU
		{AA37B30F-1779-4B52-B9D3-EA6156835707}.Release|Any CPU.Build.0 = Release|Any CPU
	EndGlobalSection
	GlobalSection(SolutionProperties) = preSolution
		HideSolutionNode = FALSE
	EndGlobalSection
	GlobalSection(ExtensibilityGlobals) = postSolution
		SolutionGuid = {A6441DB3-CC8E-41A6-A348-16A29ED28720}
	EndGlobalSection
EndGlobal
